
Microsoft Visual Studio Solution File, Format Version 12.00
# Visual Studio 15
VisualStudioVersion = 15.0.28307.1062
MinimumVisualStudioVersion = 10.0.40219.1
Project("{FAE04EC0-301F-11D3-BF4B-00C04F79EFBC}") = "Zadatak_1", "Zadatak_1\Zadatak_1.csproj", "{C3386E6E-0436-43AF-AEF4-10BBBA4A0F17}"
EndProject
Global
	GlobalSection(SolutionConfigurationPlatforms) = preSolution
		Debug|Any CPU = Debug|Any CPU
		Release|Any CPU = Release|Any CPU
	EndGlobalSection
	GlobalSection(ProjectConfigurationPlatforms) = postSolution
		{C3386E6E-0436-43AF-AEF4-10BBBA4A0F17}.Debug|Any CPU.ActiveCfg = Debug|Any CPU
		{C3386E6E-0436-43AF-AEF4-10BBBA4A0F17}.Debug|Any CPU.Build.0 = Debug|Any CPU
		{C3386E6E-0436-43AF-AEF4-10BBBA4A0F17}.Release|Any CPU.ActiveCfg = Release|Any CPU
		{C3386E6E-0436-43AF-AEF4-10BBBA4A0F17}.Release|Any CPU.Build.0 = Release|Any CPU
	EndGlobalSection
	GlobalSection(SolutionProperties) = preSolution
		HideSolutionNode = FALSE
	EndGlobalSection
	GlobalSection(ExtensibilityGlobals) = postSolution
		SolutionGuid = {5BF4ECFD-FB15-4D0D-9AAB-E2EA93995F44}
	EndGlobalSection
EndGlobal
